{
  "lockfileVersion": 1,
  "workspaces": {
    "": {
      "devDependencies": {
        "@biomejs/biome": "^2.2.5",
        "prettier": "^3.6.2",
      },
    },
  },
  "packages": {
    "@biomejs/biome": ["@biomejs/biome@2.2.5", "", { "optionalDependencies": { "@biomejs/cli-darwin-arm64": "2.2.5", "@biomejs/cli-darwin-x64": "2.2.5", "@biomejs/cli-linux-arm64": "2.2.5", "@biomejs/cli-linux-arm64-musl": "2.2.5", "@biomejs/cli-linux-x64": "2.2.5", "@biomejs/cli-linux-x64-musl": "2.2.5", "@biomejs/cli-win32-arm64": "2.2.5", "@biomejs/cli-win32-x64": "2.2.5" }, "bin": { "biome": "bin/biome" } }, "sha512-zcIi+163Rc3HtyHbEO7CjeHq8DjQRs40HsGbW6vx2WI0tg8mYQOPouhvHSyEnCBAorfYNnKdR64/IxO7xQ5faw=="],

    "@biomejs/cli-darwin-arm64": ["@biomejs/cli-darwin-arm64@2.2.5", "", { "os": "darwin", "cpu": "arm64" }, "sha512-MYT+nZ38wEIWVcL5xLyOhYQQ7nlWD0b/4mgATW2c8dvq7R4OQjt/XGXFkXrmtWmQofaIM14L7V8qIz/M+bx5QQ=="],

    "@biomejs/cli-darwin-x64": ["@biomejs/cli-darwin-x64@2.2.5", "", { "os": "darwin", "cpu": "x64" }, "sha512-FLIEl73fv0R7dI10EnEiZLw+IMz3mWLnF95ASDI0kbx6DDLJjWxE5JxxBfmG+udz1hIDd3fr5wsuP7nwuTRdAg=="],

    "@biomejs/cli-linux-arm64": ["@biomejs/cli-linux-arm64@2.2.5", "", { "os": "linux", "cpu": "arm64" }, "sha512-5DjiiDfHqGgR2MS9D+AZ8kOfrzTGqLKywn8hoXpXXlJXIECGQ32t+gt/uiS2XyGBM2XQhR6ztUvbjZWeccFMoQ=="],

    "@biomejs/cli-linux-arm64-musl": ["@biomejs/cli-linux-arm64-musl@2.2.5", "", { "os": "linux", "cpu": "arm64" }, "sha512-5Ov2wgAFwqDvQiESnu7b9ufD1faRa+40uwrohgBopeY84El2TnBDoMNXx6iuQdreoFGjwW8vH6k68G21EpNERw=="],

    "@biomejs/cli-linux-x64": ["@biomejs/cli-linux-x64@2.2.5", "", { "os": "linux", "cpu": "x64" }, "sha512-fq9meKm1AEXeAWan3uCg6XSP5ObA6F/Ovm89TwaMiy1DNIwdgxPkNwxlXJX8iM6oRbFysYeGnT0OG8diCWb9ew=="],

    "@biomejs/cli-linux-x64-musl": ["@biomejs/cli-linux-x64-musl@2.2.5", "", { "os": "linux", "cpu": "x64" }, "sha512-AVqLCDb/6K7aPNIcxHaTQj01sl1m989CJIQFQEaiQkGr2EQwyOpaATJ473h+nXDUuAcREhccfRpe/tu+0wu0eQ=="],

    "@biomejs/cli-win32-arm64": ["@biomejs/cli-win32-arm64@2.2.5", "", { "os": "win32", "cpu": "arm64" }, "sha512-xaOIad4wBambwJa6mdp1FigYSIF9i7PCqRbvBqtIi9y29QtPVQ13sDGtUnsRoe6SjL10auMzQ6YAe+B3RpZXVg=="],

    "@biomejs/cli-win32-x64": ["@biomejs/cli-win32-x64@2.2.5", "", { "os": "win32", "cpu": "x64" }, "sha512-F/jhuXCssPFAuciMhHKk00xnCAxJRS/pUzVfXYmOMUp//XW7mO6QeCjsjvnm8L4AO/dG2VOB0O+fJPiJ2uXtIw=="],

    "prettier": ["prettier@3.6.2", "", { "bin": { "prettier": "bin/prettier.cjs" } }, "sha512-I7AIg5boAr5R0FFtJ6rCfD+LFsWHp81dolrFD8S79U9tb8Az2nGrJncnMSnys+bpQJfRUzqs9hnA81OAA3hCuQ=="],
  }
}
